// !$*UTF8*$!
{
	archiveVersion = 1;
	classes = {
	};
	objectVersion = 46;
	objects = {

/* Begin PBXBuildFile section */
		5CC9E7141DC8ABF9001A498F /* main.m in Sources */ = {isa = PBXBuildFile; fileRef = 5CC9E7131DC8ABF9001A498F /* main.m */; };
		5CC9E71C1DC8BE82001A498F /* Card.m in Sources */ = {isa = PBXBuildFile; fileRef = 5CC9E71B1DC8BE82001A498F /* Card.m */; };
		5CC9E71F1DC8BF58001A498F /* PlayingCard.m in Sources */ = {isa = PBXBuildFile; fileRef = 5CC9E71E1DC8BF58001A498F /* PlayingCard.m */; };
		5CC9E7221DC8C189001A498F /* Dealer.m in Sources */ = {isa = PBXBuildFile; fileRef = 5CC9E7211DC8C189001A498F /* Dealer.m */; };
		5CC9E7281DC8C3EA001A498F /* CardDealer.m in Sources */ = {isa = PBXBuildFile; fileRef = 5CC9E7271DC8C3EA001A498F /* CardDealer.m */; };
		5CC9E72B1DC8C65B001A498F /* User.m in Sources */ = {isa = PBXBuildFile; fileRef = 5CC9E72A1DC8C65B001A498F /* User.m */; };
/* End PBXBuildFile section */

/* Begin PBXCopyFilesBuildPhase section */
		5CC9E70E1DC8ABF9001A498F /* CopyFiles */ = {
			isa = PBXCopyFilesBuildPhase;
			buildActionMask = 2147483647;
			dstPath = /usr/share/man/man1/;
			dstSubfolderSpec = 0;
			files = (
			);
			runOnlyForDeploymentPostprocessing = 1;
		};
/* End PBXCopyFilesBuildPhase section */

/* Begin PBXFileReference section */
		5CC9E7101DC8ABF9001A498F /* Dealer */ = {isa = PBXFileReference; explicitFileType = "compiled.mach-o.executable"; includeInIndex = 0; path = Dealer; sourceTree = BUILT_PRODUCTS_DIR; };
		5CC9E7131DC8ABF9001A498F /* main.m */ = {isa = PBXFileReference; lastKnownFileType = sourcecode.c.objc; path = main.m; sourceTree = "<group>"; };
		5CC9E71A1DC8BE82001A498F /* Card.h */ = {isa = PBXFileReference; fileEncoding = 4; lastKnownFileType = sourcecode.c.h; path = Card.h; sourceTree = "<group>"; };
		5CC9E71B1DC8BE82001A498F /* Card.m */ = {isa = PBXFileReference; fileEncoding = 4; lastKnownFileType = sourcecode.c.objc; path = Card.m; sourceTree = "<group>"; };
		5CC9E71D1DC8BF58001A498F /* PlayingCard.h */ = {isa = PBXFileReference; fileEncoding = 4; lastKnownFileType = sourcecode.c.h; path = PlayingCard.h; sourceTree = "<group>"; };
		5CC9E71E1DC8BF58001A498F /* PlayingCard.m */ = {isa = PBXFileReference; fileEncoding = 4; lastKnownFileType = sourcecode.c.objc; path = PlayingCard.m; sourceTree = "<group>"; };
		5CC9E7201DC8C189001A498F /* Dealer.h */ = {isa = PBXFileReference; fileEncoding = 4; lastKnownFileType = sourcecode.c.h; path = Dealer.h; sourceTree = "<group>"; };
		5CC9E7211DC8C189001A498F /* Dealer.m */ = {isa = PBXFileReference; fileEncoding = 4; lastKnownFileType = sourcecode.c.objc; path = Dealer.m; sourceTree = "<group>"; };
		5CC9E7261DC8C3EA001A498F /* CardDealer.h */ = {isa = PBXFileReference; fileEncoding = 4; lastKnownFileType = sourcecode.c.h; path = CardDealer.h; sourceTree = "<group>"; };
		5CC9E7271DC8C3EA001A498F /* CardDealer.m */ = {isa = PBXFileReference; fileEncoding = 4; lastKnownFileType = sourcecode.c.objc; path = CardDealer.m; sourceTree = "<group>"; };
		5CC9E7291DC8C65B001A498F /* User.h */ = {isa = PBXFileReference; fileEncoding = 4; lastKnownFileType = sourcecode.c.h; path = User.h; sourceTree = "<group>"; };
		5CC9E72A1DC8C65B001A498F /* User.m */ = {isa = PBXFileReference; fileEncoding = 4; lastKnownFileType = sourcecode.c.objc; path = User.m; sourceTree = "<group>"; };
/* End PBXFileReference section */

/* Begin PBXFrameworksBuildPhase section */
		5CC9E70D1DC8ABF9001A498F /* Frameworks */ = {
			isa = PBXFrameworksBuildPhase;
			buildActionMask = 2147483647;
			files = (
			);
			runOnlyForDeploymentPostprocessing = 0;
		};
/* End PBXFrameworksBuildPhase section */

/* Begin PBXGroup section */
		5CC9E7071DC8ABF9001A498F = {
			isa = PBXGroup;
			children = (
				5CC9E7121DC8ABF9001A498F /* Dealer */,
				5CC9E7111DC8ABF9001A498F /* Products */,
			);
			sourceTree = "<group>";
		};
		5CC9E7111DC8ABF9001A498F /* Products */ = {
			isa = PBXGroup;
			children = (
				5CC9E7101DC8ABF9001A498F /* Dealer */,
			);
			name = Products;
			sourceTree = "<group>";
		};
		5CC9E7121DC8ABF9001A498F /* Dealer */ = {
			isa = PBXGroup;
			children = (
				5CC9E7131DC8ABF9001A498F /* main.m */,
				5CC9E7291DC8C65B001A498F /* User.h */,
				5CC9E72A1DC8C65B001A498F /* User.m */,
				5CC9E7261DC8C3EA001A498F /* CardDealer.h */,
				5CC9E7271DC8C3EA001A498F /* CardDealer.m */,
				5CC9E7201DC8C189001A498F /* Dealer.h */,
				5CC9E7211DC8C189001A498F /* Dealer.m */,
				5CC9E71D1DC8BF58001A498F /* PlayingCard.h */,
				5CC9E71E1DC8BF58001A498F /* PlayingCard.m */,
				5CC9E71A1DC8BE82001A498F /* Card.h */,
				5CC9E71B1DC8BE82001A498F /* Card.m */,
			);
			path = Dealer;
			sourceTree = "<group>";
		};
/* End PBXGroup section */

/* Begin PBXNativeTarget section */
		5CC9E70F1DC8ABF9001A498F /* Dealer */ = {
			isa = PBXNativeTarget;
			buildConfigurationList = 5CC9E7171DC8ABF9001A498F /* Build configuration list for PBXNativeTarget "Dealer" */;
			buildPhases = (
				5CC9E70C1DC8ABF9001A498F /* Sources */,
				5CC9E70D1DC8ABF9001A498F /* Frameworks */,
				5CC9E70E1DC8ABF9001A498F /* CopyFiles */,
			);
			buildRules = (
			);
			dependencies = (
			);
			name = Dealer;
			productName = Dealer;
			productReference = 5CC9E7101DC8ABF9001A498F /* Dealer */;
			productType = "com.apple.product-type.tool";
		};
/* End PBXNativeTarget section */

/* Begin PBXProject section */
		5CC9E7081DC8ABF9001A498F /* Project object */ = {
			isa = PBXProject;
			attributes = {
				LastUpgradeCheck = 0800;
				ORGANIZATIONNAME = lixu;
				TargetAttributes = {
					5CC9E70F1DC8ABF9001A498F = {
						CreatedOnToolsVersion = 8.0;
						ProvisioningStyle = Automatic;
					};
				};
			};
			buildConfigurationList = 5CC9E70B1DC8ABF9001A498F /* Build configuration list for PBXProject "Dealer" */;
			compatibilityVersion = "Xcode 3.2";
			developmentRegion = English;
			hasScannedForEncodings = 0;
			knownRegions = (
				en,
			);
			mainGroup = 5CC9E7071DC8ABF9001A498F;
			productRefGroup = 5CC9E7111DC8ABF9001A498F /* Products */;
			projectDirPath = "";
			projectRoot = "";
			targets = (
				5CC9E70F1DC8ABF9001A498F /* Dealer */,
			);
		};
/* End PBXProject section */

/* Begin PBXSourcesBuildPhase section */
		5CC9E70C1DC8ABF9001A498F /* Sources */ = {
			isa = PBXSourcesBuildPhase;
			buildActionMask = 2147483647;
			files = (
				5CC9E7281DC8C3EA001A498F /* CardDealer.m in Sources */,
				5CC9E7221DC8C189001A498F /* Dealer.m in Sources */,
				5CC9E72B1DC8C65B001A498F /* User.m in Sources */,
				5CC9E71F1DC8BF58001A498F /* PlayingCard.m in Sources */,
				5CC9E7141DC8ABF9001A498F /* main.m in Sources */,
				5CC9E71C1DC8BE82001A498F /* Card.m in Sources */,
			);
			runOnlyForDeploymentPostprocessing = 0;
		};
/* End PBXSourcesBuildPhase section */

/* Begin XCBuildConfiguration section */
		5CC9E7151DC8ABF9001A498F /* Debug */ = {
			isa = XCBuildConfiguration;
			buildSettings = {
				ALWAYS_SEARCH_USER_PATHS = NO;
				CLANG_ANALYZER_NONNULL = YES;
				CLANG_CXX_LANGUAGE_STANDARD = "gnu++0x";
				CLANG_CXX_LIBRARY = "libc++";
				CLANG_ENABLE_MODULES = YES;
				CLANG_ENABLE_OBJC_ARC = YES;
				CLANG_WARN_BOOL_CONVERSION = YES;
				CLANG_WARN_CONSTANT_CONVERSION = YES;
				CLANG_WARN_DIRECT_OBJC_ISA_USAGE = YES_ERROR;
				CLANG_WARN_DOCUMENTATION_COMMENTS = YES;
				CLANG_WARN_EMPTY_BODY = YES;
				CLANG_WARN_ENUM_CONVERSION = YES;
				CLANG_WARN_INFINITE_RECURSION = YES;
				CLANG_WARN_INT_CONVERSION = YES;
				CLANG_WARN_OBJC_ROOT_CLASS = YES_ERROR;
				CLANG_WARN_SUSPICIOUS_MOVES = YES;
				CLANG_WARN_UNREACHABLE_CODE = YES;
				CLANG_WARN__DUPLICATE_METHOD_MATCH = YES;
				CODE_SIGN_IDENTITY = "-";
				COPY_PHASE_STRIP = NO;
				DEBUG_INFORMATION_FORMAT = dwarf;
				ENABLE_STRICT_OBJC_MSGSEND = YES;
				ENABLE_TESTABILITY = YES;
				GCC_C_LANGUAGE_STANDARD = gnu99;
				GCC_DYNAMIC_NO_PIC = NO;
				GCC_NO_COMMON_BLOCKS = YES;
				GCC_OPTIMIZATION_LEVEL = 0;
				GCC_PREPROCESSOR_DEFINITIONS = (
					"DEBUG=1",
					"$(inherited)",
				);
				GCC_WARN_64_TO_32_BIT_CONVERSION = YES;
				GCC_WARN_ABOUT_RETURN_TYPE = YES_ERROR;
				GCC_WARN_UNDECLARED_SELECTOR = YES;
				GCC_WARN_UNINITIALIZED_AUTOS = YES_AGGRESSIVE;
				GCC_WARN_UNUSED_FUNCTION = YES;
				GCC_WARN_UNUSED_VARIABLE = YES;
				MACOSX_DEPLOYMENT_TARGET = 10.11;
				MTL_ENABLE_DEBUG_INFO = YES;
				ONLY_ACTIVE_ARCH = YES;
				SDKROOT = macosx;
			};
			name = Debug;
		};
		5CC9E7161DC8ABF9001A498F /* Release */ = {
			isa = XCBuildConfiguration;
			buildSettings = {
				ALWAYS_SEARCH_USER_PATHS = NO;
				CLANG_ANALYZER_NONNULL = YES;
				CLANG_CXX_LANGUAGE_STANDARD = "gnu++0x";
				CLANG_CXX_LIBRARY = "libc++";
				CLANG_ENABLE_MODULES = YES;
				CLANG_ENABLE_OBJC_ARC = YES;
				CLANG_WARN_BOOL_CONVERSION = YES;
				CLANG_WARN_CONSTANT_CONVERSION = YES;
				CLANG_WARN_DIRECT_OBJC_ISA_USAGE = YES_ERROR;
				CLANG_WARN_DOCUMENTATION_COMMENTS = YES;
				CLANG_WARN_EMPTY_BODY = YES;
				CLANG_WARN_ENUM_CONVERSION = YES;
				CLANG_WARN_INFINITE_RECURSION = YES;
				CLANG_WARN_INT_CONVERSION = YES;
				CLANG_WARN_OBJC_ROOT_CLASS = YES_ERROR;
				CLANG_WARN_SUSPICIOUS_MOVES = YES;
				CLANG_WARN_UNREACHABLE_CODE = YES;
				CLANG_WARN__DUPLICATE_METHOD_MATCH = YES;
				CODE_SIGN_IDENTITY = "-";
				COPY_PHASE_STRIP = NO;
				DEBUG_INFORMATION_FORMAT = "dwarf-with-dsym";
				ENABLE_NS_ASSERTIONS = NO;
				ENABLE_STRICT_OBJC_MSGSEND = YES;
				GCC_C_LANGUAGE_STANDARD = gnu99;
				GCC_NO_COMMON_BLOCKS = YES;
				GCC_WARN_64_TO_32_BIT_CONVERSION = YES;
				GCC_WARN_ABOUT_RETURN_TYPE = YES_ERROR;
				GCC_WARN_UNDECLARED_SELECTOR = YES;
				GCC_WARN_UNINITIALIZED_AUTOS = YES_AGGRESSIVE;
				GCC_WARN_UNUSED_FUNCTION = YES;
				GCC_WARN_UNUSED_VARIABLE = YES;
				MACOSX_DEPLOYMENT_TARGET = 10.11;
				MTL_ENABLE_DEBUG_INFO = NO;
				SDKROOT = macosx;
			};
			name = Release;
		};
		5CC9E7181DC8ABF9001A498F /* Debug */ = {
			isa = XCBuildConfiguration;
			buildSettings = {
				PRODUCT_NAME = "$(TARGET_NAME)";
			};
			name = Debug;
		};
		5CC9E7191DC8ABF9001A498F /* Release */ = {
			isa = XCBuildConfiguration;
			buildSettings = {
				PRODUCT_NAME = "$(TARGET_NAME)";
			};
			name = Release;
		};
/* End XCBuildConfiguration section */

/* Begin XCConfigurationList section */
		5CC9E70B1DC8ABF9001A498F /* Build configuration list for PBXProject "Dealer" */ = {
			isa = XCConfigurationList;
			buildConfigurations = (
				5CC9E7151DC8ABF9001A498F /* Debug */,
				5CC9E7161DC8ABF9001A498F /* Release */,
			);
			defaultConfigurationIsVisible = 0;
			defaultConfigurationName = Release;
		};
		5CC9E7171DC8ABF9001A498F /* Build configuration list for PBXNativeTarget "Dealer" */ = {
			isa = XCConfigurationList;
			buildConfigurations = (
				5CC9E7181DC8ABF9001A498F /* Debug */,
				5CC9E7191DC8ABF9001A498F /* Release */,
			);
			defaultConfigurationIsVisible = 0;
		};
/* End XCConfigurationList section */
	};
	rootObject = 5CC9E7081DC8ABF9001A498F /* Project object */;
}
